
Microsoft Visual Studio Solution File, Format Version 12.00
# Visual Studio Version 17
VisualStudioVersion = 17.4.33205.214
MinimumVisualStudioVersion = 10.0.40219.1
Project("{FAE04EC0-301F-11D3-BF4B-00C04F79EFBC}") = "Example_API", "Example_API\Example_API.csproj", "{F38882C3-5F96-490E-9957-520B7693CBFF}"
EndProject
Global
	GlobalSection(SolutionConfigurationPlatforms) = preSolution
		Debug|Any CPU = Debug|Any CPU
		Release|Any CPU = Release|Any CPU
	EndGlobalSection
	GlobalSection(ProjectConfigurationPlatforms) = postSolution
		{F38882C3-5F96-490E-9957-520B7693CBFF}.Debug|Any CPU.ActiveCfg = Debug|Any CPU
		{F38882C3-5F96-490E-9957-520B7693CBFF}.Debug|Any CPU.Build.0 = Debug|Any CPU
		{F38882C3-5F96-490E-9957-520B7693CBFF}.Release|Any CPU.ActiveCfg = Release|Any CPU
		{F38882C3-5F96-490E-9957-520B7693CBFF}.Release|Any CPU.Build.0 = Release|Any CPU
	EndGlobalSection
	GlobalSection(SolutionProperties) = preSolution
		HideSolutionNode = FALSE
	EndGlobalSection
	GlobalSection(ExtensibilityGlobals) = postSolution
		SolutionGuid = {8401C513-8FCA-45E7-8083-0075229834E2}
	EndGlobalSection
EndGlobal
